
Microsoft Visual Studio Solution File, Format Version 12.00
# Visual Studio 15
VisualStudioVersion = 15.0.28307.489
MinimumVisualStudioVersion = 10.0.40219.1
Project("{FAE04EC0-301F-11D3-BF4B-00C04F79EFBC}") = "ConsoleApp1", "ConsoleApp1\ConsoleApp1.csproj", "{F1984267-9D00-4C65-B74A-56964A1B82A0}"
EndProject
Global
	GlobalSection(SolutionConfigurationPlatforms) = preSolution
		Debug|Any CPU = Debug|Any CPU
		Release|Any CPU = Release|Any CPU
	EndGlobalSection
	GlobalSection(ProjectConfigurationPlatforms) = postSolution
		{F1984267-9D00-4C65-B74A-56964A1B82A0}.Debug|Any CPU.ActiveCfg = Debug|Any CPU
		{F1984267-9D00-4C65-B74A-56964A1B82A0}.Debug|Any CPU.Build.0 = Debug|Any CPU
		{F1984267-9D00-4C65-B74A-56964A1B82A0}.Release|Any CPU.ActiveCfg = Release|Any CPU
		{F1984267-9D00-4C65-B74A-56964A1B82A0}.Release|Any CPU.Build.0 = Release|Any CPU
	EndGlobalSection
	GlobalSection(SolutionProperties) = preSolution
		HideSolutionNode = FALSE
	EndGlobalSection
	GlobalSection(ExtensibilityGlobals) = postSolution
		SolutionGuid = {9E889E15-E3D2-44ED-B2D6-3CB8111AFA30}
	EndGlobalSection
EndGlobal
